# THIS IS AN AUTOGENERATED FILE. DO NOT EDIT THIS FILE DIRECTLY.
# yarn lockfile v1


handlebars@^4.5.3, handlebars@^4.7.7:
  version "4.7.7"
  resolved "https://artifactory.oci.oraclecorp.com:443/api/npm/global-dev-npm/handlebars/-/handlebars-4.7.7.tgz#9ce33416aad02dbd6c8fafa8240d5d98004945a1"
  integrity sha1-nOM0FqrQLb1sj6+oJA1dmABJRaE=
  dependencies:
    minimist "^1.2.5"
    neo-async "^2.6.0"
    source-map "^0.6.1"
    wordwrap "^1.0.0"
  optionalDependencies:
    uglify-js "^3.1.4"

jsonresume-theme-paper@^0.5.0:
  version "0.5.0"
  resolved "https://artifactory.oci.oraclecorp.com:443/api/npm/global-dev-npm/jsonresume-theme-paper/-/jsonresume-theme-paper-0.5.0.tgz#b5090c165a565be0f91457c56488a09950038755"
  integrity sha1-tQkMFlpWW+D5FFfFZIigmVADh1U=
  dependencies:
    handlebars "^4.5.3"

jsonresume-theme-stackoverflow@^2.0.0:
  version "2.0.0"
  resolved "https://artifactory.oci.oraclecorp.com:443/api/npm/global-dev-npm/jsonresume-theme-stackoverflow/-/jsonresume-theme-stackoverflow-2.0.0.tgz#c335f6799343b3a79767d045b8921e4c8d72afbc"
  integrity sha1-wzX2eZNDs6eXZ9BFuJIeTI1yr7w=
  dependencies:
    handlebars "^4.7.7"
    moment "^2.29.2"

minimist@^1.2.5:
  version "1.2.7"
  resolved "https://artifactory.oci.oraclecorp.com:443/api/npm/global-dev-npm/minimist/-/minimist-1.2.7.tgz#daa1c4d91f507390437c6a8bc01078e7000c4d18"
  integrity sha1-2qHE2R9Qc5BDfGqLwBB45wAMTRg=

moment@^2.29.2:
  version "2.29.4"
  resolved "https://artifactory.oci.oraclecorp.com:443/api/npm/global-dev-npm/moment/-/moment-2.29.4.tgz#3dbe052889fe7c1b2ed966fcb3a77328964ef108"
  integrity sha1-Pb4FKIn+fBsu2Wb8s6dzKJZO8Qg=

neo-async@^2.6.0:
  version "2.6.2"
  resolved "https://artifactory.oci.oraclecorp.com:443/api/npm/global-dev-npm/neo-async/-/neo-async-2.6.2.tgz#b4aafb93e3aeb2d8174ca53cf163ab7d7308305f"
  integrity sha1-tKr7k+OustgXTKU88WOrfXMIMF8=

source-map@^0.6.1:
  version "0.6.1"
  resolved "https://artifactory.oci.oraclecorp.com:443/api/npm/global-dev-npm/source-map/-/source-map-0.6.1.tgz#74722af32e9614e9c287a8d0bbde48b5e2f1a263"
  integrity sha1-dHIq8y6WFOnCh6jQu95IteLxomM=

uglify-js@^3.1.4:
  version "3.17.4"
  resolved "https://artifactory.oci.oraclecorp.com:443/api/npm/global-dev-npm/uglify-js/-/uglify-js-3.17.4.tgz#61678cf5fa3f5b7eb789bb345df29afb8257c22c"
  integrity sha1-YWeM9fo/W363ibs0XfKa+4JXwiw=

wordwrap@^1.0.0:
  version "1.0.0"
  resolved "https://artifactory.oci.oraclecorp.com:443/api/npm/global-dev-npm/wordwrap/-/wordwrap-1.0.0.tgz#27584810891456a4171c8d0226441ade90cbcaeb"
  integrity sha1-J1hIEIkUVqQXHI0CJkQa3pDLyus=
